
Microsoft Visual Studio Solution File, Format Version 12.00
# Visual Studio 15
VisualStudioVersion = 15.0.27729.1
MinimumVisualStudioVersion = 10.0.40219.1
Project("{FAE04EC0-301F-11D3-BF4B-00C04F79EFBC}") = "VisualStudio.PowerShell", "VisualStudio.PowerShell\VisualStudio.PowerShell.csproj", "{6773630B-FE90-4ED7-8BF5-63254E2AC61B}"
EndProject
Global
	GlobalSection(SolutionConfigurationPlatforms) = preSolution
		Debug|Any CPU = Debug|Any CPU
		Release|Any CPU = Release|Any CPU
	EndGlobalSection
	GlobalSection(ProjectConfigurationPlatforms) = postSolution
		{6773630B-FE90-4ED7-8BF5-63254E2AC61B}.Debug|Any CPU.ActiveCfg = Debug|Any CPU
		{6773630B-FE90-4ED7-8BF5-63254E2AC61B}.Debug|Any CPU.Build.0 = Debug|Any CPU
		{6773630B-FE90-4ED7-8BF5-63254E2AC61B}.Release|Any CPU.ActiveCfg = Release|Any CPU
		{6773630B-FE90-4ED7-8BF5-63254E2AC61B}.Release|Any CPU.Build.0 = Release|Any CPU
	EndGlobalSection
	GlobalSection(SolutionProperties) = preSolution
		HideSolutionNode = FALSE
	EndGlobalSection
	GlobalSection(ExtensibilityGlobals) = postSolution
		SolutionGuid = {3C6D2984-2D63-4CAF-ADB9-206B680DB19B}
	EndGlobalSection
EndGlobal
